
Microsoft Visual Studio Solution File, Format Version 12.00
# Visual Studio Version 16
VisualStudioVersion = 16.0.29503.13
MinimumVisualStudioVersion = 10.0.40219.1
Project("{FAE04EC0-301F-11D3-BF4B-00C04F79EFBC}") = "osztalyzat", "osztalyzat.csproj", "{C4E38C2A-41D6-4215-960C-0359FF566FAD}"
EndProject
Global
	GlobalSection(SolutionConfigurationPlatforms) = preSolution
		Debug|Any CPU = Debug|Any CPU
		Release|Any CPU = Release|Any CPU
	EndGlobalSection
	GlobalSection(ProjectConfigurationPlatforms) = postSolution
		{C4E38C2A-41D6-4215-960C-0359FF566FAD}.Debug|Any CPU.ActiveCfg = Debug|Any CPU
		{C4E38C2A-41D6-4215-960C-0359FF566FAD}.Debug|Any CPU.Build.0 = Debug|Any CPU
		{C4E38C2A-41D6-4215-960C-0359FF566FAD}.Release|Any CPU.ActiveCfg = Release|Any CPU
		{C4E38C2A-41D6-4215-960C-0359FF566FAD}.Release|Any CPU.Build.0 = Release|Any CPU
	EndGlobalSection
	GlobalSection(SolutionProperties) = preSolution
		HideSolutionNode = FALSE
	EndGlobalSection
	GlobalSection(ExtensibilityGlobals) = postSolution
		SolutionGuid = {688C65D8-88E7-4F71-8228-3838FBDFE209}
	EndGlobalSection
EndGlobal
